// !$*UTF8*$!
{
	archiveVersion = 1;
	classes = {
	};
	objectVersion = 46;
	objects = {

/* Begin PBXBuildFile section */
		3A8133921AD1C596000D95D0 /* MusicCollection.swift in Sources */ = {isa = PBXBuildFile; fileRef = 3A8133911AD1C596000D95D0 /* MusicCollection.swift */; };
		3A8133981AD1C5B3000D95D0 /* ENSideMenu.swift in Sources */ = {isa = PBXBuildFile; fileRef = 3A8133931AD1C5B3000D95D0 /* ENSideMenu.swift */; };
		3A8133991AD1C5B3000D95D0 /* ENSideMenuNavigationController.swift in Sources */ = {isa = PBXBuildFile; fileRef = 3A8133941AD1C5B3000D95D0 /* ENSideMenuNavigationController.swift */; };
		3A81339A1AD1C5B3000D95D0 /* MyMenuTableViewController.swift in Sources */ = {isa = PBXBuildFile; fileRef = 3A8133951AD1C5B3000D95D0 /* MyMenuTableViewController.swift */; };
		3A81339B1AD1C5B3000D95D0 /* MyNavigationController.swift in Sources */ = {isa = PBXBuildFile; fileRef = 3A8133961AD1C5B3000D95D0 /* MyNavigationController.swift */; };
		3A81339C1AD1C5B3000D95D0 /* ProfileView.swift in Sources */ = {isa = PBXBuildFile; fileRef = 3A8133971AD1C5B3000D95D0 /* ProfileView.swift */; };
		AA2009251AA40D7B00E9BB8B /* AppDelegate.swift in Sources */ = {isa = PBXBuildFile; fileRef = AA2009241AA40D7B00E9BB8B /* AppDelegate.swift */; };
		AA2009271AA40D7B00E9BB8B /* ViewController.swift in Sources */ = {isa = PBXBuildFile; fileRef = AA2009261AA40D7B00E9BB8B /* ViewController.swift */; };
		AA20092A1AA40D7B00E9BB8B /* Main.storyboard in Resources */ = {isa = PBXBuildFile; fileRef = AA2009281AA40D7B00E9BB8B /* Main.storyboard */; };
		AA20092C1AA40D7B00E9BB8B /* Images.xcassets in Resources */ = {isa = PBXBuildFile; fileRef = AA20092B1AA40D7B00E9BB8B /* Images.xcassets */; };
		AA20092F1AA40D7B00E9BB8B /* LaunchScreen.xib in Resources */ = {isa = PBXBuildFile; fileRef = AA20092D1AA40D7B00E9BB8B /* LaunchScreen.xib */; };
		AA20093B1AA40D7B00E9BB8B /* EchoTests.swift in Sources */ = {isa = PBXBuildFile; fileRef = AA20093A1AA40D7B00E9BB8B /* EchoTests.swift */; };
		AA4CBA501AB6A6A600AD6BCC /* SpotifyScrapper.swift in Sources */ = {isa = PBXBuildFile; fileRef = AA4CBA4F1AB6A6A600AD6BCC /* SpotifyScrapper.swift */; };
		AAAC43641AD0A68F00796CDB /* Echo-Bridgin-Header.m in Sources */ = {isa = PBXBuildFile; fileRef = AAAC43631AD0A68F00796CDB /* Echo-Bridgin-Header.m */; };
		AAAC43691AD0A6A200796CDB /* MusicCollectionTests.swift in Sources */ = {isa = PBXBuildFile; fileRef = AAAC43671AD0A6A200796CDB /* MusicCollectionTests.swift */; };
		AAAC436B1AD0DBAA00796CDB /* Spotify.framework in Frameworks */ = {isa = PBXBuildFile; fileRef = AAAC436A1AD0DBAA00796CDB /* Spotify.framework */; };
		AAAC436C1AD0DBAA00796CDB /* Spotify.framework in Frameworks */ = {isa = PBXBuildFile; fileRef = AAAC436A1AD0DBAA00796CDB /* Spotify.framework */; };
		AAF16E501AD0A56A009AB8B4 /* SwiftyJSON.swift in Sources */ = {isa = PBXBuildFile; fileRef = AAF16E4F1AD0A56A009AB8B4 /* SwiftyJSON.swift */; };
		AAF16E521AD0A5CE009AB8B4 /* ViewControllerWNav.swift in Sources */ = {isa = PBXBuildFile; fileRef = AAF16E511AD0A5CE009AB8B4 /* ViewControllerWNav.swift */; };
		DC3FD58C1AB4FF24005ED64D /* Bolts.framework in Frameworks */ = {isa = PBXBuildFile; fileRef = DC3FD58A1AB4FF24005ED64D /* Bolts.framework */; };
		DC3FD58D1AB4FF24005ED64D /* Parse.framework in Frameworks */ = {isa = PBXBuildFile; fileRef = DC3FD58B1AB4FF24005ED64D /* Parse.framework */; };
		DC3FD5991AB4FF84005ED64D /* AudioToolbox.framework in Frameworks */ = {isa = PBXBuildFile; fileRef = DC3FD58E1AB4FF84005ED64D /* AudioToolbox.framework */; };
		DC3FD59A1AB4FF84005ED64D /* CFNetwork.framework in Frameworks */ = {isa = PBXBuildFile; fileRef = DC3FD58F1AB4FF84005ED64D /* CFNetwork.framework */; };
		DC3FD59B1AB4FF84005ED64D /* CoreGraphics.framework in Frameworks */ = {isa = PBXBuildFile; fileRef = DC3FD5901AB4FF84005ED64D /* CoreGraphics.framework */; };
		DC3FD59C1AB4FF84005ED64D /* CoreLocation.framework in Frameworks */ = {isa = PBXBuildFile; fileRef = DC3FD5911AB4FF84005ED64D /* CoreLocation.framework */; };
		DC3FD59D1AB4FF84005ED64D /* libsqlite3.dylib in Frameworks */ = {isa = PBXBuildFile; fileRef = DC3FD5921AB4FF84005ED64D /* libsqlite3.dylib */; };
		DC3FD59E1AB4FF84005ED64D /* libz.dylib in Frameworks */ = {isa = PBXBuildFile; fileRef = DC3FD5931AB4FF84005ED64D /* libz.dylib */; };
		DC3FD59F1AB4FF84005ED64D /* MobileCoreServices.framework in Frameworks */ = {isa = PBXBuildFile; fileRef = DC3FD5941AB4FF84005ED64D /* MobileCoreServices.framework */; };
		DC3FD5A01AB4FF84005ED64D /* QuartzCore.framework in Frameworks */ = {isa = PBXBuildFile; fileRef = DC3FD5951AB4FF84005ED64D /* QuartzCore.framework */; };
		DC3FD5A11AB4FF84005ED64D /* Security.framework in Frameworks */ = {isa = PBXBuildFile; fileRef = DC3FD5961AB4FF84005ED64D /* Security.framework */; };
		DC3FD5A21AB4FF84005ED64D /* StoreKit.framework in Frameworks */ = {isa = PBXBuildFile; fileRef = DC3FD5971AB4FF84005ED64D /* StoreKit.framework */; };
		DC3FD5A31AB4FF84005ED64D /* SystemConfiguration.framework in Frameworks */ = {isa = PBXBuildFile; fileRef = DC3FD5981AB4FF84005ED64D /* SystemConfiguration.framework */; };
		DC3FD5A61AB4FFBC005ED64D /* ParseImporter.m in Sources */ = {isa = PBXBuildFile; fileRef = DC3FD5A51AB4FFBC005ED64D /* ParseImporter.m */; };
		DC3FD5A81AB50BD3005ED64D /* User.swift in Sources */ = {isa = PBXBuildFile; fileRef = DC3FD5A71AB50BD3005ED64D /* User.swift */; };
		DC3FD5AA1AB50D68005ED64D /* Utils.swift in Sources */ = {isa = PBXBuildFile; fileRef = DC3FD5A91AB50D68005ED64D /* Utils.swift */; };
/* End PBXBuildFile section */

/* Begin PBXContainerItemProxy section */
		AA2009351AA40D7B00E9BB8B /* PBXContainerItemProxy */ = {
			isa = PBXContainerItemProxy;
			containerPortal = AA2009171AA40D7B00E9BB8B /* Project object */;
			proxyType = 1;
			remoteGlobalIDString = AA20091E1AA40D7B00E9BB8B;
			remoteInfo = Echo;
		};
/* End PBXContainerItemProxy section */

/* Begin PBXFileReference section */
		3A8133911AD1C596000D95D0 /* MusicCollection.swift */ = {isa = PBXFileReference; fileEncoding = 4; lastKnownFileType = sourcecode.swift; path = MusicCollection.swift; sourceTree = "<group>"; };
		3A8133931AD1C5B3000D95D0 /* ENSideMenu.swift */ = {isa = PBXFileReference; fileEncoding = 4; lastKnownFileType = sourcecode.swift; path = ENSideMenu.swift; sourceTree = "<group>"; };
		3A8133941AD1C5B3000D95D0 /* ENSideMenuNavigationController.swift */ = {isa = PBXFileReference; fileEncoding = 4; lastKnownFileType = sourcecode.swift; path = ENSideMenuNavigationController.swift; sourceTree = "<group>"; };
		3A8133951AD1C5B3000D95D0 /* MyMenuTableViewController.swift */ = {isa = PBXFileReference; fileEncoding = 4; lastKnownFileType = sourcecode.swift; path = MyMenuTableViewController.swift; sourceTree = "<group>"; };
		3A8133961AD1C5B3000D95D0 /* MyNavigationController.swift */ = {isa = PBXFileReference; fileEncoding = 4; lastKnownFileType = sourcecode.swift; path = MyNavigationController.swift; sourceTree = "<group>"; };
		3A8133971AD1C5B3000D95D0 /* ProfileView.swift */ = {isa = PBXFileReference; fileEncoding = 4; lastKnownFileType = sourcecode.swift; path = ProfileView.swift; sourceTree = "<group>"; };
		AA20091F1AA40D7B00E9BB8B /* Echo.app */ = {isa = PBXFileReference; explicitFileType = wrapper.application; includeInIndex = 0; path = Echo.app; sourceTree = BUILT_PRODUCTS_DIR; };
		AA2009231AA40D7B00E9BB8B /* Info.plist */ = {isa = PBXFileReference; lastKnownFileType = text.plist.xml; path = Info.plist; sourceTree = "<group>"; };
		AA2009241AA40D7B00E9BB8B /* AppDelegate.swift */ = {isa = PBXFileReference; lastKnownFileType = sourcecode.swift; path = AppDelegate.swift; sourceTree = "<group>"; };
		AA2009261AA40D7B00E9BB8B /* ViewController.swift */ = {isa = PBXFileReference; lastKnownFileType = sourcecode.swift; path = ViewController.swift; sourceTree = "<group>"; };
		AA2009291AA40D7B00E9BB8B /* Base */ = {isa = PBXFileReference; lastKnownFileType = file.storyboard; name = Base; path = Base.lproj/Main.storyboard; sourceTree = "<group>"; };
		AA20092B1AA40D7B00E9BB8B /* Images.xcassets */ = {isa = PBXFileReference; lastKnownFileType = folder.assetcatalog; path = Images.xcassets; sourceTree = "<group>"; };
		AA20092E1AA40D7B00E9BB8B /* Base */ = {isa = PBXFileReference; lastKnownFileType = file.xib; name = Base; path = Base.lproj/LaunchScreen.xib; sourceTree = "<group>"; };
		AA2009341AA40D7B00E9BB8B /* EchoTests.xctest */ = {isa = PBXFileReference; explicitFileType = wrapper.cfbundle; includeInIndex = 0; path = EchoTests.xctest; sourceTree = BUILT_PRODUCTS_DIR; };
		AA2009391AA40D7B00E9BB8B /* Info.plist */ = {isa = PBXFileReference; lastKnownFileType = text.plist.xml; path = Info.plist; sourceTree = "<group>"; };
		AA20093A1AA40D7B00E9BB8B /* EchoTests.swift */ = {isa = PBXFileReference; lastKnownFileType = sourcecode.swift; path = EchoTests.swift; sourceTree = "<group>"; };
		AA4CBA4F1AB6A6A600AD6BCC /* SpotifyScrapper.swift */ = {isa = PBXFileReference; fileEncoding = 4; lastKnownFileType = sourcecode.swift; path = SpotifyScrapper.swift; sourceTree = "<group>"; };
		AAAC43621AD0A68F00796CDB /* EchoTests-Bridging-Header.h */ = {isa = PBXFileReference; lastKnownFileType = sourcecode.c.h; path = "EchoTests-Bridging-Header.h"; sourceTree = "<group>"; };
		AAAC43631AD0A68F00796CDB /* Echo-Bridgin-Header.m */ = {isa = PBXFileReference; fileEncoding = 4; lastKnownFileType = sourcecode.c.objc; path = "Echo-Bridgin-Header.m"; sourceTree = "<group>"; };
		AAAC43651AD0A6A200796CDB /* EchoTests-Bridging-Header.h */ = {isa = PBXFileReference; fileEncoding = 4; lastKnownFileType = sourcecode.c.h; path = "EchoTests-Bridging-Header.h"; sourceTree = "<group>"; };
		AAAC43671AD0A6A200796CDB /* MusicCollectionTests.swift */ = {isa = PBXFileReference; fileEncoding = 4; lastKnownFileType = sourcecode.swift; path = MusicCollectionTests.swift; sourceTree = "<group>"; };
		AAAC436A1AD0DBAA00796CDB /* Spotify.framework */ = {isa = PBXFileReference; lastKnownFileType = wrapper.framework; path = Spotify.framework; sourceTree = "<group>"; };
		AAF16E4F1AD0A56A009AB8B4 /* SwiftyJSON.swift */ = {isa = PBXFileReference; fileEncoding = 4; lastKnownFileType = sourcecode.swift; path = SwiftyJSON.swift; sourceTree = "<group>"; };
		AAF16E511AD0A5CE009AB8B4 /* ViewControllerWNav.swift */ = {isa = PBXFileReference; fileEncoding = 4; lastKnownFileType = sourcecode.swift; path = ViewControllerWNav.swift; sourceTree = "<group>"; };
		DC3FD58A1AB4FF24005ED64D /* Bolts.framework */ = {isa = PBXFileReference; lastKnownFileType = wrapper.framework; path = Bolts.framework; sourceTree = "<group>"; };
		DC3FD58B1AB4FF24005ED64D /* Parse.framework */ = {isa = PBXFileReference; lastKnownFileType = wrapper.framework; path = Parse.framework; sourceTree = "<group>"; };
		DC3FD58E1AB4FF84005ED64D /* AudioToolbox.framework */ = {isa = PBXFileReference; lastKnownFileType = wrapper.framework; name = AudioToolbox.framework; path = System/Library/Frameworks/AudioToolbox.framework; sourceTree = SDKROOT; };
		DC3FD58F1AB4FF84005ED64D /* CFNetwork.framework */ = {isa = PBXFileReference; lastKnownFileType = wrapper.framework; name = CFNetwork.framework; path = System/Library/Frameworks/CFNetwork.framework; sourceTree = SDKROOT; };
		DC3FD5901AB4FF84005ED64D /* CoreGraphics.framework */ = {isa = PBXFileReference; lastKnownFileType = wrapper.framework; name = CoreGraphics.framework; path = System/Library/Frameworks/CoreGraphics.framework; sourceTree = SDKROOT; };
		DC3FD5911AB4FF84005ED64D /* CoreLocation.framework */ = {isa = PBXFileReference; lastKnownFileType = wrapper.framework; name = CoreLocation.framework; path = System/Library/Frameworks/CoreLocation.framework; sourceTree = SDKROOT; };
		DC3FD5921AB4FF84005ED64D /* libsqlite3.dylib */ = {isa = PBXFileReference; lastKnownFileType = "compiled.mach-o.dylib"; name = libsqlite3.dylib; path = usr/lib/libsqlite3.dylib; sourceTree = SDKROOT; };
		DC3FD5931AB4FF84005ED64D /* libz.dylib */ = {isa = PBXFileReference; lastKnownFileType = "compiled.mach-o.dylib"; name = libz.dylib; path = usr/lib/libz.dylib; sourceTree = SDKROOT; };
		DC3FD5941AB4FF84005ED64D /* MobileCoreServices.framework */ = {isa = PBXFileReference; lastKnownFileType = wrapper.framework; name = MobileCoreServices.framework; path = System/Library/Frameworks/MobileCoreServices.framework; sourceTree = SDKROOT; };
		DC3FD5951AB4FF84005ED64D /* QuartzCore.framework */ = {isa = PBXFileReference; lastKnownFileType = wrapper.framework; name = QuartzCore.framework; path = System/Library/Frameworks/QuartzCore.framework; sourceTree = SDKROOT; };
		DC3FD5961AB4FF84005ED64D /* Security.framework */ = {isa = PBXFileReference; lastKnownFileType = wrapper.framework; name = Security.framework; path = System/Library/Frameworks/Security.framework; sourceTree = SDKROOT; };
		DC3FD5971AB4FF84005ED64D /* StoreKit.framework */ = {isa = PBXFileReference; lastKnownFileType = wrapper.framework; name = StoreKit.framework; path = System/Library/Frameworks/StoreKit.framework; sourceTree = SDKROOT; };
		DC3FD5981AB4FF84005ED64D /* SystemConfiguration.framework */ = {isa = PBXFileReference; lastKnownFileType = wrapper.framework; name = SystemConfiguration.framework; path = System/Library/Frameworks/SystemConfiguration.framework; sourceTree = SDKROOT; };
		DC3FD5A41AB4FFBB005ED64D /* Echo-Bridging-Header.h */ = {isa = PBXFileReference; lastKnownFileType = sourcecode.c.h; path = "Echo-Bridging-Header.h"; sourceTree = "<group>"; };
		DC3FD5A51AB4FFBC005ED64D /* ParseImporter.m */ = {isa = PBXFileReference; fileEncoding = 4; lastKnownFileType = sourcecode.c.objc; name = ParseImporter.m; path = Echo/ParseImporter.m; sourceTree = "<group>"; };
		DC3FD5A71AB50BD3005ED64D /* User.swift */ = {isa = PBXFileReference; fileEncoding = 4; lastKnownFileType = sourcecode.swift; path = User.swift; sourceTree = "<group>"; };
		DC3FD5A91AB50D68005ED64D /* Utils.swift */ = {isa = PBXFileReference; fileEncoding = 4; lastKnownFileType = sourcecode.swift; path = Utils.swift; sourceTree = "<group>"; };
/* End PBXFileReference section */

/* Begin PBXFrameworksBuildPhase section */
		AA20091C1AA40D7B00E9BB8B /* Frameworks */ = {
			isa = PBXFrameworksBuildPhase;
			buildActionMask = 2147483647;
			files = (
				DC3FD5991AB4FF84005ED64D /* AudioToolbox.framework in Frameworks */,
				DC3FD59A1AB4FF84005ED64D /* CFNetwork.framework in Frameworks */,
				DC3FD59B1AB4FF84005ED64D /* CoreGraphics.framework in Frameworks */,
				DC3FD59C1AB4FF84005ED64D /* CoreLocation.framework in Frameworks */,
				DC3FD59D1AB4FF84005ED64D /* libsqlite3.dylib in Frameworks */,
				DC3FD59E1AB4FF84005ED64D /* libz.dylib in Frameworks */,
				DC3FD59F1AB4FF84005ED64D /* MobileCoreServices.framework in Frameworks */,
				DC3FD5A01AB4FF84005ED64D /* QuartzCore.framework in Frameworks */,
				DC3FD5A11AB4FF84005ED64D /* Security.framework in Frameworks */,
				AAAC436B1AD0DBAA00796CDB /* Spotify.framework in Frameworks */,
				DC3FD5A21AB4FF84005ED64D /* StoreKit.framework in Frameworks */,
				DC3FD5A31AB4FF84005ED64D /* SystemConfiguration.framework in Frameworks */,
				DC3FD58D1AB4FF24005ED64D /* Parse.framework in Frameworks */,
				DC3FD58C1AB4FF24005ED64D /* Bolts.framework in Frameworks */,
			);
			runOnlyForDeploymentPostprocessing = 0;
		};
		AA2009311AA40D7B00E9BB8B /* Frameworks */ = {
			isa = PBXFrameworksBuildPhase;
			buildActionMask = 2147483647;
			files = (
				AAAC436C1AD0DBAA00796CDB /* Spotify.framework in Frameworks */,
			);
			runOnlyForDeploymentPostprocessing = 0;
		};
/* End PBXFrameworksBuildPhase section */

/* Begin PBXGroup section */
		AA2009161AA40D7B00E9BB8B = {
			isa = PBXGroup;
			children = (
				DC3FD5A51AB4FFBC005ED64D /* ParseImporter.m */,
				DC3FD5891AB4FF0C005ED64D /* Frameworks */,
				AA2009211AA40D7B00E9BB8B /* Echo */,
				AA2009371AA40D7B00E9BB8B /* EchoTests */,
				AA2009201AA40D7B00E9BB8B /* Products */,
				DC3FD5A41AB4FFBB005ED64D /* Echo-Bridging-Header.h */,
			);
			sourceTree = "<group>";
		};
		AA2009201AA40D7B00E9BB8B /* Products */ = {
			isa = PBXGroup;
			children = (
				AA20091F1AA40D7B00E9BB8B /* Echo.app */,
				AA2009341AA40D7B00E9BB8B /* EchoTests.xctest */,
			);
			name = Products;
			sourceTree = "<group>";
		};
		AA2009211AA40D7B00E9BB8B /* Echo */ = {
			isa = PBXGroup;
			children = (
				AA2009241AA40D7B00E9BB8B /* AppDelegate.swift */,
				DC3FD5A71AB50BD3005ED64D /* User.swift */,
				DC3FD5A91AB50D68005ED64D /* Utils.swift */,
				AA2009261AA40D7B00E9BB8B /* ViewController.swift */,
				AA4CBA4F1AB6A6A600AD6BCC /* SpotifyScrapper.swift */,
				3A8133911AD1C596000D95D0 /* MusicCollection.swift */,
				3A8133931AD1C5B3000D95D0 /* ENSideMenu.swift */,
				3A8133941AD1C5B3000D95D0 /* ENSideMenuNavigationController.swift */,
				3A8133951AD1C5B3000D95D0 /* MyMenuTableViewController.swift */,
				3A8133961AD1C5B3000D95D0 /* MyNavigationController.swift */,
				3A8133971AD1C5B3000D95D0 /* ProfileView.swift */,
				AA2009281AA40D7B00E9BB8B /* Main.storyboard */,
				AAF16E511AD0A5CE009AB8B4 /* ViewControllerWNav.swift */,
				AAF16E4F1AD0A56A009AB8B4 /* SwiftyJSON.swift */,
				AA20092B1AA40D7B00E9BB8B /* Images.xcassets */,
				AA20092D1AA40D7B00E9BB8B /* LaunchScreen.xib */,
				AA2009221AA40D7B00E9BB8B /* Supporting Files */,
			);
			path = Echo;
			sourceTree = "<group>";
		};
		AA2009221AA40D7B00E9BB8B /* Supporting Files */ = {
			isa = PBXGroup;
			children = (
				AA2009231AA40D7B00E9BB8B /* Info.plist */,
			);
			name = "Supporting Files";
			sourceTree = "<group>";
		};
		AA2009371AA40D7B00E9BB8B /* EchoTests */ = {
			isa = PBXGroup;
			children = (
				AAAC43631AD0A68F00796CDB /* Echo-Bridgin-Header.m */,
				AA20093A1AA40D7B00E9BB8B /* EchoTests.swift */,
				AAAC43651AD0A6A200796CDB /* EchoTests-Bridging-Header.h */,
				AAAC43671AD0A6A200796CDB /* MusicCollectionTests.swift */,
				AA2009381AA40D7B00E9BB8B /* Supporting Files */,
				AAAC43621AD0A68F00796CDB /* EchoTests-Bridging-Header.h */,
			);
			path = EchoTests;
			sourceTree = "<group>";
		};
		AA2009381AA40D7B00E9BB8B /* Supporting Files */ = {
			isa = PBXGroup;
			children = (
				AA2009391AA40D7B00E9BB8B /* Info.plist */,
			);
			name = "Supporting Files";
			sourceTree = "<group>";
		};
		DC3FD5891AB4FF0C005ED64D /* Frameworks */ = {
			isa = PBXGroup;
			children = (
				AAAC436A1AD0DBAA00796CDB /* Spotify.framework */,
				DC3FD58E1AB4FF84005ED64D /* AudioToolbox.framework */,
				DC3FD58F1AB4FF84005ED64D /* CFNetwork.framework */,
				DC3FD5901AB4FF84005ED64D /* CoreGraphics.framework */,
				DC3FD5911AB4FF84005ED64D /* CoreLocation.framework */,
				DC3FD5921AB4FF84005ED64D /* libsqlite3.dylib */,
				DC3FD5931AB4FF84005ED64D /* libz.dylib */,
				DC3FD5941AB4FF84005ED64D /* MobileCoreServices.framework */,
				DC3FD5951AB4FF84005ED64D /* QuartzCore.framework */,
				DC3FD5961AB4FF84005ED64D /* Security.framework */,
				DC3FD5971AB4FF84005ED64D /* StoreKit.framework */,
				DC3FD5981AB4FF84005ED64D /* SystemConfiguration.framework */,
				DC3FD58A1AB4FF24005ED64D /* Bolts.framework */,
				DC3FD58B1AB4FF24005ED64D /* Parse.framework */,
			);
			name = Frameworks;
			sourceTree = "<group>";
		};
/* End PBXGroup section */

/* Begin PBXNativeTarget section */
		AA20091E1AA40D7B00E9BB8B /* Echo */ = {
			isa = PBXNativeTarget;
			buildConfigurationList = AA20093E1AA40D7B00E9BB8B /* Build configuration list for PBXNativeTarget "Echo" */;
			buildPhases = (
				AA20091B1AA40D7B00E9BB8B /* Sources */,
				AA20091C1AA40D7B00E9BB8B /* Frameworks */,
				AA20091D1AA40D7B00E9BB8B /* Resources */,
			);
			buildRules = (
			);
			dependencies = (
			);
			name = Echo;
			productName = Echo;
			productReference = AA20091F1AA40D7B00E9BB8B /* Echo.app */;
			productType = "com.apple.product-type.application";
		};
		AA2009331AA40D7B00E9BB8B /* EchoTests */ = {
			isa = PBXNativeTarget;
			buildConfigurationList = AA2009411AA40D7B00E9BB8B /* Build configuration list for PBXNativeTarget "EchoTests" */;
			buildPhases = (
				AA2009301AA40D7B00E9BB8B /* Sources */,
				AA2009311AA40D7B00E9BB8B /* Frameworks */,
				AA2009321AA40D7B00E9BB8B /* Resources */,
			);
			buildRules = (
			);
			dependencies = (
				AA2009361AA40D7B00E9BB8B /* PBXTargetDependency */,
			);
			name = EchoTests;
			productName = EchoTests;
			productReference = AA2009341AA40D7B00E9BB8B /* EchoTests.xctest */;
			productType = "com.apple.product-type.bundle.unit-test";
		};
/* End PBXNativeTarget section */

/* Begin PBXProject section */
		AA2009171AA40D7B00E9BB8B /* Project object */ = {
			isa = PBXProject;
			attributes = {
				LastUpgradeCheck = 0610;
				ORGANIZATIONNAME = Quartet;
				TargetAttributes = {
					AA20091E1AA40D7B00E9BB8B = {
						CreatedOnToolsVersion = 6.1.1;
					};
					AA2009331AA40D7B00E9BB8B = {
						CreatedOnToolsVersion = 6.1.1;
						TestTargetID = AA20091E1AA40D7B00E9BB8B;
					};
				};
			};
			buildConfigurationList = AA20091A1AA40D7B00E9BB8B /* Build configuration list for PBXProject "Echo" */;
			compatibilityVersion = "Xcode 3.2";
			developmentRegion = English;
			hasScannedForEncodings = 0;
			knownRegions = (
				en,
				Base,
			);
			mainGroup = AA2009161AA40D7B00E9BB8B;
			productRefGroup = AA2009201AA40D7B00E9BB8B /* Products */;
			projectDirPath = "";
			projectRoot = "";
			targets = (
				AA20091E1AA40D7B00E9BB8B /* Echo */,
				AA2009331AA40D7B00E9BB8B /* EchoTests */,
			);
		};
/* End PBXProject section */

/* Begin PBXResourcesBuildPhase section */
		AA20091D1AA40D7B00E9BB8B /* Resources */ = {
			isa = PBXResourcesBuildPhase;
			buildActionMask = 2147483647;
			files = (
				AA20092A1AA40D7B00E9BB8B /* Main.storyboard in Resources */,
				AA20092F1AA40D7B00E9BB8B /* LaunchScreen.xib in Resources */,
				AA20092C1AA40D7B00E9BB8B /* Images.xcassets in Resources */,
			);
			runOnlyForDeploymentPostprocessing = 0;
		};
		AA2009321AA40D7B00E9BB8B /* Resources */ = {
			isa = PBXResourcesBuildPhase;
			buildActionMask = 2147483647;
			files = (
			);
			runOnlyForDeploymentPostprocessing = 0;
		};
/* End PBXResourcesBuildPhase section */

/* Begin PBXSourcesBuildPhase section */
		AA20091B1AA40D7B00E9BB8B /* Sources */ = {
			isa = PBXSourcesBuildPhase;
			buildActionMask = 2147483647;
			files = (
				DC3FD5AA1AB50D68005ED64D /* Utils.swift in Sources */,
				DC3FD5A81AB50BD3005ED64D /* User.swift in Sources */,
				3A8133981AD1C5B3000D95D0 /* ENSideMenu.swift in Sources */,
				AA4CBA501AB6A6A600AD6BCC /* SpotifyScrapper.swift in Sources */,
				3A81339A1AD1C5B3000D95D0 /* MyMenuTableViewController.swift in Sources */,
				AA2009271AA40D7B00E9BB8B /* ViewController.swift in Sources */,
				AA2009251AA40D7B00E9BB8B /* AppDelegate.swift in Sources */,
				AAF16E501AD0A56A009AB8B4 /* SwiftyJSON.swift in Sources */,
				3A81339B1AD1C5B3000D95D0 /* MyNavigationController.swift in Sources */,
				AAF16E521AD0A5CE009AB8B4 /* ViewControllerWNav.swift in Sources */,
				3A8133921AD1C596000D95D0 /* MusicCollection.swift in Sources */,
				3A8133991AD1C5B3000D95D0 /* ENSideMenuNavigationController.swift in Sources */,
				3A81339C1AD1C5B3000D95D0 /* ProfileView.swift in Sources */,
				DC3FD5A61AB4FFBC005ED64D /* ParseImporter.m in Sources */,
			);
			runOnlyForDeploymentPostprocessing = 0;
		};
		AA2009301AA40D7B00E9BB8B /* Sources */ = {
			isa = PBXSourcesBuildPhase;
			buildActionMask = 2147483647;
			files = (
				AAAC43691AD0A6A200796CDB /* MusicCollectionTests.swift in Sources */,
				AA20093B1AA40D7B00E9BB8B /* EchoTests.swift in Sources */,
				AAAC43641AD0A68F00796CDB /* Echo-Bridgin-Header.m in Sources */,
			);
			runOnlyForDeploymentPostprocessing = 0;
		};
/* End PBXSourcesBuildPhase section */

/* Begin PBXTargetDependency section */
		AA2009361AA40D7B00E9BB8B /* PBXTargetDependency */ = {
			isa = PBXTargetDependency;
			target = AA20091E1AA40D7B00E9BB8B /* Echo */;
			targetProxy = AA2009351AA40D7B00E9BB8B /* PBXContainerItemProxy */;
		};
/* End PBXTargetDependency section */

/* Begin PBXVariantGroup section */
		AA2009281AA40D7B00E9BB8B /* Main.storyboard */ = {
			isa = PBXVariantGroup;
			children = (
				AA2009291AA40D7B00E9BB8B /* Base */,
			);
			name = Main.storyboard;
			sourceTree = "<group>";
		};
		AA20092D1AA40D7B00E9BB8B /* LaunchScreen.xib */ = {
			isa = PBXVariantGroup;
			children = (
				AA20092E1AA40D7B00E9BB8B /* Base */,
			);
			name = LaunchScreen.xib;
			sourceTree = "<group>";
		};
/* End PBXVariantGroup section */

/* Begin XCBuildConfiguration section */
		AA20093C1AA40D7B00E9BB8B /* Debug */ = {
			isa = XCBuildConfiguration;
			buildSettings = {
				ALWAYS_SEARCH_USER_PATHS = NO;
				CLANG_CXX_LANGUAGE_STANDARD = "gnu++0x";
				CLANG_CXX_LIBRARY = "libc++";
				CLANG_ENABLE_MODULES = YES;
				CLANG_ENABLE_OBJC_ARC = YES;
				CLANG_WARN_BOOL_CONVERSION = YES;
				CLANG_WARN_CONSTANT_CONVERSION = YES;
				CLANG_WARN_DIRECT_OBJC_ISA_USAGE = YES_ERROR;
				CLANG_WARN_EMPTY_BODY = YES;
				CLANG_WARN_ENUM_CONVERSION = YES;
				CLANG_WARN_INT_CONVERSION = YES;
				CLANG_WARN_OBJC_ROOT_CLASS = YES_ERROR;
				CLANG_WARN_UNREACHABLE_CODE = YES;
				CLANG_WARN__DUPLICATE_METHOD_MATCH = YES;
				"CODE_SIGN_IDENTITY[sdk=iphoneos*]" = "iPhone Developer";
				COPY_PHASE_STRIP = NO;
				ENABLE_STRICT_OBJC_MSGSEND = YES;
				GCC_C_LANGUAGE_STANDARD = gnu99;
				GCC_DYNAMIC_NO_PIC = NO;
				GCC_OPTIMIZATION_LEVEL = 0;
				GCC_PREPROCESSOR_DEFINITIONS = (
					"DEBUG=1",
					"$(inherited)",
				);
				GCC_SYMBOLS_PRIVATE_EXTERN = NO;
				GCC_WARN_64_TO_32_BIT_CONVERSION = YES;
				GCC_WARN_ABOUT_RETURN_TYPE = YES_ERROR;
				GCC_WARN_UNDECLARED_SELECTOR = YES;
				GCC_WARN_UNINITIALIZED_AUTOS = YES_AGGRESSIVE;
				GCC_WARN_UNUSED_FUNCTION = YES;
				GCC_WARN_UNUSED_VARIABLE = YES;
				IPHONEOS_DEPLOYMENT_TARGET = 8.1;
				MTL_ENABLE_DEBUG_INFO = YES;
				ONLY_ACTIVE_ARCH = YES;
				SDKROOT = iphoneos;
				SWIFT_OPTIMIZATION_LEVEL = "-Onone";
			};
			name = Debug;
		};
		AA20093D1AA40D7B00E9BB8B /* Release */ = {
			isa = XCBuildConfiguration;
			buildSettings = {
				ALWAYS_SEARCH_USER_PATHS = NO;
				CLANG_CXX_LANGUAGE_STANDARD = "gnu++0x";
				CLANG_CXX_LIBRARY = "libc++";
				CLANG_ENABLE_MODULES = YES;
				CLANG_ENABLE_OBJC_ARC = YES;
				CLANG_WARN_BOOL_CONVERSION = YES;
				CLANG_WARN_CONSTANT_CONVERSION = YES;
				CLANG_WARN_DIRECT_OBJC_ISA_USAGE = YES_ERROR;
				CLANG_WARN_EMPTY_BODY = YES;
				CLANG_WARN_ENUM_CONVERSION = YES;
				CLANG_WARN_INT_CONVERSION = YES;
				CLANG_WARN_OBJC_ROOT_CLASS = YES_ERROR;
				CLANG_WARN_UNREACHABLE_CODE = YES;
				CLANG_WARN__DUPLICATE_METHOD_MATCH = YES;
				"CODE_SIGN_IDENTITY[sdk=iphoneos*]" = "iPhone Developer";
				COPY_PHASE_STRIP = YES;
				ENABLE_NS_ASSERTIONS = NO;
				ENABLE_STRICT_OBJC_MSGSEND = YES;
				GCC_C_LANGUAGE_STANDARD = gnu99;
				GCC_WARN_64_TO_32_BIT_CONVERSION = YES;
				GCC_WARN_ABOUT_RETURN_TYPE = YES_ERROR;
				GCC_WARN_UNDECLARED_SELECTOR = YES;
				GCC_WARN_UNINITIALIZED_AUTOS = YES_AGGRESSIVE;
				GCC_WARN_UNUSED_FUNCTION = YES;
				GCC_WARN_UNUSED_VARIABLE = YES;
				IPHONEOS_DEPLOYMENT_TARGET = 8.1;
				MTL_ENABLE_DEBUG_INFO = NO;
				SDKROOT = iphoneos;
				VALIDATE_PRODUCT = YES;
			};
			name = Release;
		};
		AA20093F1AA40D7B00E9BB8B /* Debug */ = {
			isa = XCBuildConfiguration;
			buildSettings = {
				ASSETCATALOG_COMPILER_APPICON_NAME = AppIcon;
				CLANG_ENABLE_MODULES = YES;
				FRAMEWORK_SEARCH_PATHS = (
					"$(inherited)",
					"/Users/aivanov/Downloads/parse-library-1.6.4",
					"$(PROJECT_DIR)",
				);
				INFOPLIST_FILE = Echo/Info.plist;
				LD_RUNPATH_SEARCH_PATHS = "$(inherited) @executable_path/Frameworks";
				PRODUCT_NAME = "$(TARGET_NAME)";
				SWIFT_OBJC_BRIDGING_HEADER = "Echo-Bridging-Header.h";
				SWIFT_OPTIMIZATION_LEVEL = "-Onone";
			};
			name = Debug;
		};
		AA2009401AA40D7B00E9BB8B /* Release */ = {
			isa = XCBuildConfiguration;
			buildSettings = {
				ASSETCATALOG_COMPILER_APPICON_NAME = AppIcon;
				CLANG_ENABLE_MODULES = YES;
				FRAMEWORK_SEARCH_PATHS = (
					"$(inherited)",
					"/Users/aivanov/Downloads/parse-library-1.6.4",
					"$(PROJECT_DIR)",
				);
				INFOPLIST_FILE = Echo/Info.plist;
				LD_RUNPATH_SEARCH_PATHS = "$(inherited) @executable_path/Frameworks";
				PRODUCT_NAME = "$(TARGET_NAME)";
				SWIFT_OBJC_BRIDGING_HEADER = "Echo-Bridging-Header.h";
			};
			name = Release;
		};
		AA2009421AA40D7B00E9BB8B /* Debug */ = {
			isa = XCBuildConfiguration;
			buildSettings = {
				BUNDLE_LOADER = "$(TEST_HOST)";
				CLANG_ENABLE_MODULES = YES;
				FRAMEWORK_SEARCH_PATHS = (
					"$(SDKROOT)/Developer/Library/Frameworks",
					"$(inherited)",
					"$(PROJECT_DIR)",
				);
				GCC_PREPROCESSOR_DEFINITIONS = (
					"DEBUG=1",
					"$(inherited)",
				);
				INFOPLIST_FILE = EchoTests/Info.plist;
				LD_RUNPATH_SEARCH_PATHS = "$(inherited) @executable_path/Frameworks @loader_path/Frameworks";
				PRODUCT_NAME = "$(TARGET_NAME)";
				SWIFT_OBJC_BRIDGING_HEADER = "EchoTests/EchoTests-Bridging-Header.h";
				SWIFT_OPTIMIZATION_LEVEL = "-Onone";
				TEST_HOST = "$(BUILT_PRODUCTS_DIR)/Echo.app/Echo";
			};
			name = Debug;
		};
		AA2009431AA40D7B00E9BB8B /* Release */ = {
			isa = XCBuildConfiguration;
			buildSettings = {
				BUNDLE_LOADER = "$(TEST_HOST)";
				CLANG_ENABLE_MODULES = YES;
				FRAMEWORK_SEARCH_PATHS = (
					"$(SDKROOT)/Developer/Library/Frameworks",
					"$(inherited)",
					"$(PROJECT_DIR)",
				);
				INFOPLIST_FILE = EchoTests/Info.plist;
				LD_RUNPATH_SEARCH_PATHS = "$(inherited) @executable_path/Frameworks @loader_path/Frameworks";
				PRODUCT_NAME = "$(TARGET_NAME)";
				SWIFT_OBJC_BRIDGING_HEADER = "EchoTests/EchoTests-Bridging-Header.h";
				TEST_HOST = "$(BUILT_PRODUCTS_DIR)/Echo.app/Echo";
			};
			name = Release;
		};
/* End XCBuildConfiguration section */

/* Begin XCConfigurationList section */
		AA20091A1AA40D7B00E9BB8B /* Build configuration list for PBXProject "Echo" */ = {
			isa = XCConfigurationList;
			buildConfigurations = (
				AA20093C1AA40D7B00E9BB8B /* Debug */,
				AA20093D1AA40D7B00E9BB8B /* Release */,
			);
			defaultConfigurationIsVisible = 0;
			defaultConfigurationName = Release;
		};
		AA20093E1AA40D7B00E9BB8B /* Build configuration list for PBXNativeTarget "Echo" */ = {
			isa = XCConfigurationList;
			buildConfigurations = (
				AA20093F1AA40D7B00E9BB8B /* Debug */,
				AA2009401AA40D7B00E9BB8B /* Release */,
			);
			defaultConfigurationIsVisible = 0;
			defaultConfigurationName = Release;
		};
		AA2009411AA40D7B00E9BB8B /* Build configuration list for PBXNativeTarget "EchoTests" */ = {
			isa = XCConfigurationList;
			buildConfigurations = (
				AA2009421AA40D7B00E9BB8B /* Debug */,
				AA2009431AA40D7B00E9BB8B /* Release */,
			);
			defaultConfigurationIsVisible = 0;
			defaultConfigurationName = Release;
		};
/* End XCConfigurationList section */
	};
	rootObject = AA2009171AA40D7B00E9BB8B /* Project object */;
}
